{
  "nodes": {
    "nixpkgs": {
      "locked": {
        "lastModified": 1773037100,
        "narHash": "sha256-IBIW5K03JC8P3JXA7EFsu87NU/VNEOJ7L+PTKD3YzQU=",
        "owner": "nixos",
        "repo": "nixpkgs",
        "rev": "cffe94f12bb3af82dca9d77c60292c06583eb708",
        "type": "github"
      },
      "original": {
        "owner": "nixos",
        "repo": "nixpkgs",
        "type": "github"
      }
    },
    "root": {
      "inputs": {
        "nixpkgs": "nixpkgs"
      }
    }
  },
  "root": "root",
  "version": 7
}
